
Microsoft Visual Studio Solution File, Format Version 12.00
# Visual Studio 15
VisualStudioVersion = 15.0.27428.2011
MinimumVisualStudioVersion = 10.0.40219.1
Project("{FAE04EC0-301F-11D3-BF4B-00C04F79EFBC}") = "IEXClient", "IEXClient\IEXClient.csproj", "{7FA99A36-BE5C-431A-BB4E-C91A09C5D369}"
EndProject
Project("{FAE04EC0-301F-11D3-BF4B-00C04F79EFBC}") = "IEXClient.ConsoleTest", "IEXClient.ConsoleTest\IEXClient.ConsoleTest.csproj", "{14768B8C-1EF6-49CA-A026-721CF510F4DA}"
EndProject
Project("{FAE04EC0-301F-11D3-BF4B-00C04F79EFBC}") = "Common", "..\Common\Common.csproj", "{19E93206-ED77-42AD-8E84-E2F0E91A7F1B}"
EndProject
Project("{FAE04EC0-301F-11D3-BF4B-00C04F79EFBC}") = "StockData.Domain", "..\StockData\StockData.Domain\StockData.Domain.csproj", "{EA355EAA-803E-4631-8F8F-8DC243F7F2DA}"
EndProject
Global
	GlobalSection(SolutionConfigurationPlatforms) = preSolution
		Debug|Any CPU = Debug|Any CPU
		Release|Any CPU = Release|Any CPU
	EndGlobalSection
	GlobalSection(ProjectConfigurationPlatforms) = postSolution
		{7FA99A36-BE5C-431A-BB4E-C91A09C5D369}.Debug|Any CPU.ActiveCfg = Debug|Any CPU
		{7FA99A36-BE5C-431A-BB4E-C91A09C5D369}.Debug|Any CPU.Build.0 = Debug|Any CPU
		{7FA99A36-BE5C-431A-BB4E-C91A09C5D369}.Release|Any CPU.ActiveCfg = Release|Any CPU
		{7FA99A36-BE5C-431A-BB4E-C91A09C5D369}.Release|Any CPU.Build.0 = Release|Any CPU
		{14768B8C-1EF6-49CA-A026-721CF510F4DA}.Debug|Any CPU.ActiveCfg = Debug|Any CPU
		{14768B8C-1EF6-49CA-A026-721CF510F4DA}.Debug|Any CPU.Build.0 = Debug|Any CPU
		{14768B8C-1EF6-49CA-A026-721CF510F4DA}.Release|Any CPU.ActiveCfg = Release|Any CPU
		{14768B8C-1EF6-49CA-A026-721CF510F4DA}.Release|Any CPU.Build.0 = Release|Any CPU
		{19E93206-ED77-42AD-8E84-E2F0E91A7F1B}.Debug|Any CPU.ActiveCfg = Debug|Any CPU
		{19E93206-ED77-42AD-8E84-E2F0E91A7F1B}.Debug|Any CPU.Build.0 = Debug|Any CPU
		{19E93206-ED77-42AD-8E84-E2F0E91A7F1B}.Release|Any CPU.ActiveCfg = Release|Any CPU
		{19E93206-ED77-42AD-8E84-E2F0E91A7F1B}.Release|Any CPU.Build.0 = Release|Any CPU
		{EA355EAA-803E-4631-8F8F-8DC243F7F2DA}.Debug|Any CPU.ActiveCfg = Debug|Any CPU
		{EA355EAA-803E-4631-8F8F-8DC243F7F2DA}.Debug|Any CPU.Build.0 = Debug|Any CPU
		{EA355EAA-803E-4631-8F8F-8DC243F7F2DA}.Release|Any CPU.ActiveCfg = Release|Any CPU
		{EA355EAA-803E-4631-8F8F-8DC243F7F2DA}.Release|Any CPU.Build.0 = Release|Any CPU
	EndGlobalSection
	GlobalSection(SolutionProperties) = preSolution
		HideSolutionNode = FALSE
	EndGlobalSection
	GlobalSection(ExtensibilityGlobals) = postSolution
		SolutionGuid = {9DB58CAC-BDF9-4CF0-9A49-C37977021D6E}
	EndGlobalSection
EndGlobal
